{
  "name": "maps",
  "version": "0.0.1",
  "lockfileVersion": 1,
  "requires": true,
  "dependencies": {
    "@stencil/core": {
      "version": "2.3.0",
      "resolved": "https://registry.npmjs.org/@stencil/core/-/core-2.3.0.tgz",
      "integrity": "sha512-VZ/Ox0E1kngcmHbJhHUufuLELi+xG3of3LuRI3X2AMWyE82JUVYlOEsQci/YBZWpfc9BS9I36R88prBew22oew=="
    },
    "@stencil/sass": {
      "version": "1.4.1",
      "resolved": "https://registry.npmjs.org/@stencil/sass/-/sass-1.4.1.tgz",
      "integrity": "sha512-aFKoqtxZ/8BRbvNFiWRycGiqvMI22Ifn5qsKfq0U23j43XD81jT6d7K0WQd55ejNpoSpdxJcbOuFgQy3mXizfA=="
    },
    "@types/geojson": {
      "version": "7946.0.7",
      "resolved": "https://registry.npmjs.org/@types/geojson/-/geojson-7946.0.7.tgz",
      "integrity": "sha512-wE2v81i4C4Ol09RtsWFAqg3BUitWbHSpSlIo+bNdsCJijO9sjme+zm+73ZMCa/qMC8UEERxzGbvmr1cffo2SiQ==",
      "dev": true
    },
    "@types/leaflet": {
      "version": "1.5.19",
      "resolved": "https://registry.npmjs.org/@types/leaflet/-/leaflet-1.5.19.tgz",
      "integrity": "sha512-ZAKqfvdU/+KFoCpf8aUba09F8mfSc8R2esq++Cha3E2DgwS5K/I/4eJ+0JylrVHZivgY7PSAeXFv/izP+81/MQ==",
      "dev": true,
      "requires": {
        "@types/geojson": "*"
      }
    },
    "leaflet": {
      "version": "1.7.1",
      "resolved": "https://registry.npmjs.org/leaflet/-/leaflet-1.7.1.tgz",
      "integrity": "sha512-/xwPEBidtg69Q3HlqPdU3DnrXQOvQU/CCHA1tcDQVzOwm91YMYaILjNp7L4Eaw5Z4sOYdbBz6koWyibppd8Zqw=="
    }
  }
}
